
Microsoft Visual Studio Solution File, Format Version 12.00
# Visual Studio Version 16
VisualStudioVersion = 16.0.31515.178
MinimumVisualStudioVersion = 10.0.40219.1
Project("{9A19103F-16F7-4668-BE54-9A1E7A4F7556}") = "RoutingDemos", "RoutingDemos\RoutingDemos.csproj", "{21735646-D577-41FF-910E-0C81432BAB8D}"
EndProject
Project("{9A19103F-16F7-4668-BE54-9A1E7A4F7556}") = "CacheDemo", "CacheDemo\CacheDemo.csproj", "{CADA2B3E-BF6D-44D1-B774-262D9B2E7A07}"
EndProject
Project("{9A19103F-16F7-4668-BE54-9A1E7A4F7556}") = "MailDemo", "MailDemo\MailDemo.csproj", "{58D07C75-9CA1-4D02-A23C-A53A93E7EE3B}"
EndProject
Project("{2150E333-8FDC-42A3-9474-1A3956D46DE8}") = "SignalRDemos", "SignalRDemos", "{FDD3D1DC-03F0-4A7F-B90F-C6F48B5A525C}"
EndProject
Project("{9A19103F-16F7-4668-BE54-9A1E7A4F7556}") = "SignalRHubDemo", "SignalRDemos\SignalRHubDemo\SignalRHubDemo.csproj", "{AEFC1698-5B91-4A9C-B64D-6B187B16298D}"
EndProject
Project("{9A19103F-16F7-4668-BE54-9A1E7A4F7556}") = "SignalRWindowsClientDemo", "SignalRDemos\SignalRWindowsClientDemo\SignalRWindowsClientDemo.csproj", "{250B8CB2-3CC1-47BD-B8DE-26A1D727E632}"
EndProject
Global
	GlobalSection(SolutionConfigurationPlatforms) = preSolution
		Debug|Any CPU = Debug|Any CPU
		Release|Any CPU = Release|Any CPU
	EndGlobalSection
	GlobalSection(ProjectConfigurationPlatforms) = postSolution
		{21735646-D577-41FF-910E-0C81432BAB8D}.Debug|Any CPU.ActiveCfg = Debug|Any CPU
		{21735646-D577-41FF-910E-0C81432BAB8D}.Debug|Any CPU.Build.0 = Debug|Any CPU
		{21735646-D577-41FF-910E-0C81432BAB8D}.Release|Any CPU.ActiveCfg = Release|Any CPU
		{21735646-D577-41FF-910E-0C81432BAB8D}.Release|Any CPU.Build.0 = Release|Any CPU
		{CADA2B3E-BF6D-44D1-B774-262D9B2E7A07}.Debug|Any CPU.ActiveCfg = Debug|Any CPU
		{CADA2B3E-BF6D-44D1-B774-262D9B2E7A07}.Debug|Any CPU.Build.0 = Debug|Any CPU
		{CADA2B3E-BF6D-44D1-B774-262D9B2E7A07}.Release|Any CPU.ActiveCfg = Release|Any CPU
		{CADA2B3E-BF6D-44D1-B774-262D9B2E7A07}.Release|Any CPU.Build.0 = Release|Any CPU
		{58D07C75-9CA1-4D02-A23C-A53A93E7EE3B}.Debug|Any CPU.ActiveCfg = Debug|Any CPU
		{58D07C75-9CA1-4D02-A23C-A53A93E7EE3B}.Debug|Any CPU.Build.0 = Debug|Any CPU
		{58D07C75-9CA1-4D02-A23C-A53A93E7EE3B}.Release|Any CPU.ActiveCfg = Release|Any CPU
		{58D07C75-9CA1-4D02-A23C-A53A93E7EE3B}.Release|Any CPU.Build.0 = Release|Any CPU
		{AEFC1698-5B91-4A9C-B64D-6B187B16298D}.Debug|Any CPU.ActiveCfg = Debug|Any CPU
		{AEFC1698-5B91-4A9C-B64D-6B187B16298D}.Debug|Any CPU.Build.0 = Debug|Any CPU
		{AEFC1698-5B91-4A9C-B64D-6B187B16298D}.Release|Any CPU.ActiveCfg = Release|Any CPU
		{AEFC1698-5B91-4A9C-B64D-6B187B16298D}.Release|Any CPU.Build.0 = Release|Any CPU
		{250B8CB2-3CC1-47BD-B8DE-26A1D727E632}.Debug|Any CPU.ActiveCfg = Debug|Any CPU
		{250B8CB2-3CC1-47BD-B8DE-26A1D727E632}.Debug|Any CPU.Build.0 = Debug|Any CPU
		{250B8CB2-3CC1-47BD-B8DE-26A1D727E632}.Release|Any CPU.ActiveCfg = Release|Any CPU
		{250B8CB2-3CC1-47BD-B8DE-26A1D727E632}.Release|Any CPU.Build.0 = Release|Any CPU
	EndGlobalSection
	GlobalSection(SolutionProperties) = preSolution
		HideSolutionNode = FALSE
	EndGlobalSection
	GlobalSection(NestedProjects) = preSolution
		{AEFC1698-5B91-4A9C-B64D-6B187B16298D} = {FDD3D1DC-03F0-4A7F-B90F-C6F48B5A525C}
		{250B8CB2-3CC1-47BD-B8DE-26A1D727E632} = {FDD3D1DC-03F0-4A7F-B90F-C6F48B5A525C}
	EndGlobalSection
	GlobalSection(ExtensibilityGlobals) = postSolution
		SolutionGuid = {51CE817E-E233-4B28-AD0B-E927482D48AF}
	EndGlobalSection
EndGlobal
