
Microsoft Visual Studio Solution File, Format Version 12.00
# Visual Studio Version 16
VisualStudioVersion = 16.0.31515.178
MinimumVisualStudioVersion = 10.0.40219.1
Project("{FAE04EC0-301F-11D3-BF4B-00C04F79EFBC}") = "RoutingDemos", "RoutingDemos\RoutingDemos.csproj", "{4050D7B4-7610-40C9-9A8B-2C0DF5EDD0F8}"
EndProject
Global
	GlobalSection(SolutionConfigurationPlatforms) = preSolution
		Debug|Any CPU = Debug|Any CPU
		Release|Any CPU = Release|Any CPU
	EndGlobalSection
	GlobalSection(ProjectConfigurationPlatforms) = postSolution
		{4050D7B4-7610-40C9-9A8B-2C0DF5EDD0F8}.Debug|Any CPU.ActiveCfg = Debug|Any CPU
		{4050D7B4-7610-40C9-9A8B-2C0DF5EDD0F8}.Debug|Any CPU.Build.0 = Debug|Any CPU
		{4050D7B4-7610-40C9-9A8B-2C0DF5EDD0F8}.Release|Any CPU.ActiveCfg = Release|Any CPU
		{4050D7B4-7610-40C9-9A8B-2C0DF5EDD0F8}.Release|Any CPU.Build.0 = Release|Any CPU
	EndGlobalSection
	GlobalSection(SolutionProperties) = preSolution
		HideSolutionNode = FALSE
	EndGlobalSection
	GlobalSection(ExtensibilityGlobals) = postSolution
		SolutionGuid = {AEC20497-2661-4B30-8A88-1107604F6048}
	EndGlobalSection
EndGlobal
